
Microsoft Visual Studio Solution File, Format Version 12.00
# Visual Studio Version 17
VisualStudioVersion = 17.14.36511.14
MinimumVisualStudioVersion = 10.0.40219.1
Project("{2150E333-8FDC-42A3-9474-1A3956D46DE8}") = "Task0", "Task0", "{36D591C7-65C7-A0D1-1CBC-10CDE441BDC8}"
EndProject
Project("{FAE04EC0-301F-11D3-BF4B-00C04F79EFBC}") = "Tyuiu.DolgovIV.Sprint4.Task0.V20", "Tyuiu.DolgovIV.Sprint4.Task0.V20\Tyuiu.DolgovIV.Sprint4.Task0.V20.csproj", "{967AE824-2FEF-461E-9F1A-1CB0274267AF}"
EndProject
Project("{FAE04EC0-301F-11D3-BF4B-00C04F79EFBC}") = "Tyuiu.DolgovIV.Sprint4.Task0.V20.Test", "Tyuiu.DolgovIV.Sprint4.Task0.V20.Test\Tyuiu.DolgovIV.Sprint4.Task0.V20.Test.csproj", "{D1B991B5-58CB-492F-B9AA-71C74E3193AB}"
EndProject
Project("{FAE04EC0-301F-11D3-BF4B-00C04F79EFBC}") = "Tyuiu.DolgovIV.Sprint4.Task0.V20.Lib", "Tyuiu.DolgovIV.Sprint4.Task0.V20.Lib\Tyuiu.DolgovIV.Sprint4.Task0.V20.Lib.csproj", "{B16DC6A4-32BB-452B-9443-D69620C1AF8A}"
EndProject
Project("{2150E333-8FDC-42A3-9474-1A3956D46DE8}") = "Task1", "Task1", "{80756667-3DDB-46E2-83DF-7763DB576FCC}"
EndProject
Project("{FAE04EC0-301F-11D3-BF4B-00C04F79EFBC}") = "Tyuiu.DolgovIV.Sprint4.Task1.V27.Lib", "Tyuiu.DolgovIV.Sprint4.Task1.V27.Lib\Tyuiu.DolgovIV.Sprint4.Task1.V27.Lib.csproj", "{2EACB8E6-7775-475F-9EBA-0A7025F58D07}"
EndProject
Project("{FAE04EC0-301F-11D3-BF4B-00C04F79EFBC}") = "Tyuiu.DolgovIV.Sprint4.Task1.V27.Test", "Tyuiu.DolgovIV.Sprint4.Task1.V27.Test\Tyuiu.DolgovIV.Sprint4.Task1.V27.Test.csproj", "{6597EE1A-5095-4EBE-9993-53165BFD5F8E}"
EndProject
Project("{FAE04EC0-301F-11D3-BF4B-00C04F79EFBC}") = "Tyuiu.DolgovIV.Sprint4.Task1.V27", "Tyuiu.DolgovIV.Sprint4.Task1.V27\Tyuiu.DolgovIV.Sprint4.Task1.V27.csproj", "{49FAF8D3-D14B-4E75-93E0-1CF3A96F5B78}"
EndProject
Project("{2150E333-8FDC-42A3-9474-1A3956D46DE8}") = "Task2", "Task2", "{138DCD0B-DD91-44A9-A7E9-BD2A972DB4D1}"
EndProject
Project("{FAE04EC0-301F-11D3-BF4B-00C04F79EFBC}") = "Tyuiu.DolgovIV.Sprint4.Task2.V2", "Tyuiu.DolgovIV.Sprint4.Task2.V2\Tyuiu.DolgovIV.Sprint4.Task2.V2.csproj", "{B25255AE-D0B3-436C-9009-C61309C96F36}"
EndProject
Project("{FAE04EC0-301F-11D3-BF4B-00C04F79EFBC}") = "Tyuiu.DolgovIV.Sprint4.Task2.V2.Test", "Tyuiu.DolgovIV.Sprint4.Task2.V2.Test\Tyuiu.DolgovIV.Sprint4.Task2.V2.Test.csproj", "{1ED12072-ECBA-4733-B8BA-91C1BF870807}"
EndProject
Project("{FAE04EC0-301F-11D3-BF4B-00C04F79EFBC}") = "Tyuiu.DolgovIV.Sprint4.Task2.V2.Lib", "Tyuiu.DolgovIV.Sprint4.Task2.V2.Lib\Tyuiu.DolgovIV.Sprint4.Task2.V2.Lib.csproj", "{0BA27743-64CE-4AF6-8172-DF7243368657}"
EndProject
Global
	GlobalSection(SolutionConfigurationPlatforms) = preSolution
		Debug|Any CPU = Debug|Any CPU
		Release|Any CPU = Release|Any CPU
	EndGlobalSection
	GlobalSection(ProjectConfigurationPlatforms) = postSolution
		{967AE824-2FEF-461E-9F1A-1CB0274267AF}.Debug|Any CPU.ActiveCfg = Debug|Any CPU
		{967AE824-2FEF-461E-9F1A-1CB0274267AF}.Debug|Any CPU.Build.0 = Debug|Any CPU
		{967AE824-2FEF-461E-9F1A-1CB0274267AF}.Release|Any CPU.ActiveCfg = Release|Any CPU
		{967AE824-2FEF-461E-9F1A-1CB0274267AF}.Release|Any CPU.Build.0 = Release|Any CPU
		{D1B991B5-58CB-492F-B9AA-71C74E3193AB}.Debug|Any CPU.ActiveCfg = Debug|Any CPU
		{D1B991B5-58CB-492F-B9AA-71C74E3193AB}.Debug|Any CPU.Build.0 = Debug|Any CPU
		{D1B991B5-58CB-492F-B9AA-71C74E3193AB}.Release|Any CPU.ActiveCfg = Release|Any CPU
		{D1B991B5-58CB-492F-B9AA-71C74E3193AB}.Release|Any CPU.Build.0 = Release|Any CPU
		{B16DC6A4-32BB-452B-9443-D69620C1AF8A}.Debug|Any CPU.ActiveCfg = Debug|Any CPU
		{B16DC6A4-32BB-452B-9443-D69620C1AF8A}.Debug|Any CPU.Build.0 = Debug|Any CPU
		{B16DC6A4-32BB-452B-9443-D69620C1AF8A}.Release|Any CPU.ActiveCfg = Release|Any CPU
		{B16DC6A4-32BB-452B-9443-D69620C1AF8A}.Release|Any CPU.Build.0 = Release|Any CPU
		{2EACB8E6-7775-475F-9EBA-0A7025F58D07}.Debug|Any CPU.ActiveCfg = Debug|Any CPU
		{2EACB8E6-7775-475F-9EBA-0A7025F58D07}.Debug|Any CPU.Build.0 = Debug|Any CPU
		{2EACB8E6-7775-475F-9EBA-0A7025F58D07}.Release|Any CPU.ActiveCfg = Release|Any CPU
		{2EACB8E6-7775-475F-9EBA-0A7025F58D07}.Release|Any CPU.Build.0 = Release|Any CPU
		{6597EE1A-5095-4EBE-9993-53165BFD5F8E}.Debug|Any CPU.ActiveCfg = Debug|Any CPU
		{6597EE1A-5095-4EBE-9993-53165BFD5F8E}.Debug|Any CPU.Build.0 = Debug|Any CPU
		{6597EE1A-5095-4EBE-9993-53165BFD5F8E}.Release|Any CPU.ActiveCfg = Release|Any CPU
		{6597EE1A-5095-4EBE-9993-53165BFD5F8E}.Release|Any CPU.Build.0 = Release|Any CPU
		{49FAF8D3-D14B-4E75-93E0-1CF3A96F5B78}.Debug|Any CPU.ActiveCfg = Debug|Any CPU
		{49FAF8D3-D14B-4E75-93E0-1CF3A96F5B78}.Debug|Any CPU.Build.0 = Debug|Any CPU
		{49FAF8D3-D14B-4E75-93E0-1CF3A96F5B78}.Release|Any CPU.ActiveCfg = Release|Any CPU
		{49FAF8D3-D14B-4E75-93E0-1CF3A96F5B78}.Release|Any CPU.Build.0 = Release|Any CPU
		{B25255AE-D0B3-436C-9009-C61309C96F36}.Debug|Any CPU.ActiveCfg = Debug|Any CPU
		{B25255AE-D0B3-436C-9009-C61309C96F36}.Debug|Any CPU.Build.0 = Debug|Any CPU
		{B25255AE-D0B3-436C-9009-C61309C96F36}.Release|Any CPU.ActiveCfg = Release|Any CPU
		{B25255AE-D0B3-436C-9009-C61309C96F36}.Release|Any CPU.Build.0 = Release|Any CPU
		{1ED12072-ECBA-4733-B8BA-91C1BF870807}.Debug|Any CPU.ActiveCfg = Debug|Any CPU
		{1ED12072-ECBA-4733-B8BA-91C1BF870807}.Debug|Any CPU.Build.0 = Debug|Any CPU
		{1ED12072-ECBA-4733-B8BA-91C1BF870807}.Release|Any CPU.ActiveCfg = Release|Any CPU
		{1ED12072-ECBA-4733-B8BA-91C1BF870807}.Release|Any CPU.Build.0 = Release|Any CPU
		{0BA27743-64CE-4AF6-8172-DF7243368657}.Debug|Any CPU.ActiveCfg = Debug|Any CPU
		{0BA27743-64CE-4AF6-8172-DF7243368657}.Debug|Any CPU.Build.0 = Debug|Any CPU
		{0BA27743-64CE-4AF6-8172-DF7243368657}.Release|Any CPU.ActiveCfg = Release|Any CPU
		{0BA27743-64CE-4AF6-8172-DF7243368657}.Release|Any CPU.Build.0 = Release|Any CPU
	EndGlobalSection
	GlobalSection(SolutionProperties) = preSolution
		HideSolutionNode = FALSE
	EndGlobalSection
	GlobalSection(NestedProjects) = preSolution
		{967AE824-2FEF-461E-9F1A-1CB0274267AF} = {36D591C7-65C7-A0D1-1CBC-10CDE441BDC8}
		{D1B991B5-58CB-492F-B9AA-71C74E3193AB} = {36D591C7-65C7-A0D1-1CBC-10CDE441BDC8}
		{B16DC6A4-32BB-452B-9443-D69620C1AF8A} = {36D591C7-65C7-A0D1-1CBC-10CDE441BDC8}
		{2EACB8E6-7775-475F-9EBA-0A7025F58D07} = {80756667-3DDB-46E2-83DF-7763DB576FCC}
		{6597EE1A-5095-4EBE-9993-53165BFD5F8E} = {80756667-3DDB-46E2-83DF-7763DB576FCC}
		{49FAF8D3-D14B-4E75-93E0-1CF3A96F5B78} = {80756667-3DDB-46E2-83DF-7763DB576FCC}
		{B25255AE-D0B3-436C-9009-C61309C96F36} = {138DCD0B-DD91-44A9-A7E9-BD2A972DB4D1}
		{1ED12072-ECBA-4733-B8BA-91C1BF870807} = {138DCD0B-DD91-44A9-A7E9-BD2A972DB4D1}
		{0BA27743-64CE-4AF6-8172-DF7243368657} = {138DCD0B-DD91-44A9-A7E9-BD2A972DB4D1}
	EndGlobalSection
	GlobalSection(ExtensibilityGlobals) = postSolution
		SolutionGuid = {D1C6694D-FBD1-4711-8AE3-7D2EC612B1D0}
	EndGlobalSection
EndGlobal
